
Microsoft Visual Studio Solution File, Format Version 12.00
# Visual Studio 15
VisualStudioVersion = 15.0.28307.421
MinimumVisualStudioVersion = 10.0.40219.1
Project("{FAE04EC0-301F-11D3-BF4B-00C04F79EFBC}") = "a-z", "a-z\a-z.csproj", "{7AF8CA48-6A98-4788-AE6E-670A66C5C21C}"
EndProject
Global
	GlobalSection(SolutionConfigurationPlatforms) = preSolution
		Debug|Any CPU = Debug|Any CPU
		Release|Any CPU = Release|Any CPU
	EndGlobalSection
	GlobalSection(ProjectConfigurationPlatforms) = postSolution
		{7AF8CA48-6A98-4788-AE6E-670A66C5C21C}.Debug|Any CPU.ActiveCfg = Debug|Any CPU
		{7AF8CA48-6A98-4788-AE6E-670A66C5C21C}.Debug|Any CPU.Build.0 = Debug|Any CPU
		{7AF8CA48-6A98-4788-AE6E-670A66C5C21C}.Release|Any CPU.ActiveCfg = Release|Any CPU
		{7AF8CA48-6A98-4788-AE6E-670A66C5C21C}.Release|Any CPU.Build.0 = Release|Any CPU
	EndGlobalSection
	GlobalSection(SolutionProperties) = preSolution
		HideSolutionNode = FALSE
	EndGlobalSection
	GlobalSection(ExtensibilityGlobals) = postSolution
		SolutionGuid = {E7B28D00-BB2F-4E64-8917-08055288BB17}
	EndGlobalSection
EndGlobal
