
Microsoft Visual Studio Solution File, Format Version 12.00
# Visual Studio 15
VisualStudioVersion = 15.0.28307.421
MinimumVisualStudioVersion = 10.0.40219.1
Project("{FAE04EC0-301F-11D3-BF4B-00C04F79EFBC}") = "Sum1", "Sum1\Sum1.csproj", "{0479CAC4-0930-4895-A932-7F3203C09575}"
EndProject
Global
	GlobalSection(SolutionConfigurationPlatforms) = preSolution
		Debug|Any CPU = Debug|Any CPU
		Release|Any CPU = Release|Any CPU
	EndGlobalSection
	GlobalSection(ProjectConfigurationPlatforms) = postSolution
		{0479CAC4-0930-4895-A932-7F3203C09575}.Debug|Any CPU.ActiveCfg = Debug|Any CPU
		{0479CAC4-0930-4895-A932-7F3203C09575}.Debug|Any CPU.Build.0 = Debug|Any CPU
		{0479CAC4-0930-4895-A932-7F3203C09575}.Release|Any CPU.ActiveCfg = Release|Any CPU
		{0479CAC4-0930-4895-A932-7F3203C09575}.Release|Any CPU.Build.0 = Release|Any CPU
	EndGlobalSection
	GlobalSection(SolutionProperties) = preSolution
		HideSolutionNode = FALSE
	EndGlobalSection
	GlobalSection(ExtensibilityGlobals) = postSolution
		SolutionGuid = {7E76CBA5-E220-4E56-9F88-D876747408CF}
	EndGlobalSection
EndGlobal
