
Microsoft Visual Studio Solution File, Format Version 12.00
# Visual Studio 15
VisualStudioVersion = 15.0.28307.421
MinimumVisualStudioVersion = 10.0.40219.1
Project("{FAE04EC0-301F-11D3-BF4B-00C04F79EFBC}") = "project", "project\project.csproj", "{9A94E47C-0839-4656-A7A7-A9D6A784AF80}"
EndProject
Global
	GlobalSection(SolutionConfigurationPlatforms) = preSolution
		Debug|Any CPU = Debug|Any CPU
		Release|Any CPU = Release|Any CPU
	EndGlobalSection
	GlobalSection(ProjectConfigurationPlatforms) = postSolution
		{9A94E47C-0839-4656-A7A7-A9D6A784AF80}.Debug|Any CPU.ActiveCfg = Debug|Any CPU
		{9A94E47C-0839-4656-A7A7-A9D6A784AF80}.Debug|Any CPU.Build.0 = Debug|Any CPU
		{9A94E47C-0839-4656-A7A7-A9D6A784AF80}.Release|Any CPU.ActiveCfg = Release|Any CPU
		{9A94E47C-0839-4656-A7A7-A9D6A784AF80}.Release|Any CPU.Build.0 = Release|Any CPU
	EndGlobalSection
	GlobalSection(SolutionProperties) = preSolution
		HideSolutionNode = FALSE
	EndGlobalSection
	GlobalSection(ExtensibilityGlobals) = postSolution
		SolutionGuid = {62EB7AE3-A478-45FB-8FCD-06FAB5C3CD4A}
	EndGlobalSection
EndGlobal
